
Microsoft Visual Studio Solution File, Format Version 12.00
# Visual Studio Version 17
VisualStudioVersion = 17.0.31903.59
MinimumVisualStudioVersion = 10.0.40219.1
Project("{FAE04EC0-301F-11D3-BF4B-00C04F79EFBC}") = "SocialMediaPost", "SocialMediaPost\SocialMediaPost.csproj", "{B55B2F71-C743-4DB5-B9E9-5AB71FE6F3A3}"
EndProject
Global
	GlobalSection(SolutionConfigurationPlatforms) = preSolution
		Debug|Any CPU = Debug|Any CPU
		Release|Any CPU = Release|Any CPU
	EndGlobalSection
	GlobalSection(SolutionProperties) = preSolution
		HideSolutionNode = FALSE
	EndGlobalSection
	GlobalSection(ProjectConfigurationPlatforms) = postSolution
		{B55B2F71-C743-4DB5-B9E9-5AB71FE6F3A3}.Debug|Any CPU.ActiveCfg = Debug|Any CPU
		{B55B2F71-C743-4DB5-B9E9-5AB71FE6F3A3}.Debug|Any CPU.Build.0 = Debug|Any CPU
		{B55B2F71-C743-4DB5-B9E9-5AB71FE6F3A3}.Release|Any CPU.ActiveCfg = Release|Any CPU
		{B55B2F71-C743-4DB5-B9E9-5AB71FE6F3A3}.Release|Any CPU.Build.0 = Release|Any CPU
	EndGlobalSection
EndGlobal
